
Microsoft Visual Studio Solution File, Format Version 12.00
# Visual Studio 15
VisualStudioVersion = 15.0.27004.2002
MinimumVisualStudioVersion = 10.0.40219.1
Project("{9A19103F-16F7-4668-BE54-9A1E7A4F7556}") = "01. Ranking", "01. Ranking\01. Ranking.csproj", "{6AA2EA8B-F525-45BC-8FFE-AB651C30543C}"
EndProject
Project("{9A19103F-16F7-4668-BE54-9A1E7A4F7556}") = "02. Judge", "02. Judge\02. Judge.csproj", "{1E4E81C3-260E-4E46-B1AA-30648E6353FA}"
EndProject
Project("{9A19103F-16F7-4668-BE54-9A1E7A4F7556}") = "03. MOBA Challenger", "03. MOBA Challenger\03. MOBA Challenger.csproj", "{956F4940-EE85-4C74-90FA-DC1C43C01AE8}"
EndProject
Project("{9A19103F-16F7-4668-BE54-9A1E7A4F7556}") = "04. Snowwhite", "04. Snowwhite\04. Snowwhite.csproj", "{389F189F-838E-41E9-8D77-220DD7B9B76B}"
EndProject
Project("{9A19103F-16F7-4668-BE54-9A1E7A4F7556}") = "05. Dragon Army", "05. Dragon Army\05. Dragon Army.csproj", "{343C7AA5-0519-4976-99F5-C1AA9542B1B0}"
EndProject
Project("{FAE04EC0-301F-11D3-BF4B-00C04F79EFBC}") = "04.Snowwhite-1", "04.Snowwhite-1\04.Snowwhite-1.csproj", "{3419EE69-F558-4702-8347-A87902969144}"
EndProject
Project("{FAE04EC0-301F-11D3-BF4B-00C04F79EFBC}") = "04.Snowwhite-2", "04.Snowwhite-2\04.Snowwhite-2.csproj", "{4C4D8E5C-E962-4906-B534-232B2BAC86A4}"
EndProject
Global
	GlobalSection(SolutionConfigurationPlatforms) = preSolution
		Debug|Any CPU = Debug|Any CPU
		Release|Any CPU = Release|Any CPU
	EndGlobalSection
	GlobalSection(ProjectConfigurationPlatforms) = postSolution
		{6AA2EA8B-F525-45BC-8FFE-AB651C30543C}.Debug|Any CPU.ActiveCfg = Debug|Any CPU
		{6AA2EA8B-F525-45BC-8FFE-AB651C30543C}.Debug|Any CPU.Build.0 = Debug|Any CPU
		{6AA2EA8B-F525-45BC-8FFE-AB651C30543C}.Release|Any CPU.ActiveCfg = Release|Any CPU
		{6AA2EA8B-F525-45BC-8FFE-AB651C30543C}.Release|Any CPU.Build.0 = Release|Any CPU
		{1E4E81C3-260E-4E46-B1AA-30648E6353FA}.Debug|Any CPU.ActiveCfg = Debug|Any CPU
		{1E4E81C3-260E-4E46-B1AA-30648E6353FA}.Debug|Any CPU.Build.0 = Debug|Any CPU
		{1E4E81C3-260E-4E46-B1AA-30648E6353FA}.Release|Any CPU.ActiveCfg = Release|Any CPU
		{1E4E81C3-260E-4E46-B1AA-30648E6353FA}.Release|Any CPU.Build.0 = Release|Any CPU
		{956F4940-EE85-4C74-90FA-DC1C43C01AE8}.Debug|Any CPU.ActiveCfg = Debug|Any CPU
		{956F4940-EE85-4C74-90FA-DC1C43C01AE8}.Debug|Any CPU.Build.0 = Debug|Any CPU
		{956F4940-EE85-4C74-90FA-DC1C43C01AE8}.Release|Any CPU.ActiveCfg = Release|Any CPU
		{956F4940-EE85-4C74-90FA-DC1C43C01AE8}.Release|Any CPU.Build.0 = Release|Any CPU
		{389F189F-838E-41E9-8D77-220DD7B9B76B}.Debug|Any CPU.ActiveCfg = Debug|Any CPU
		{389F189F-838E-41E9-8D77-220DD7B9B76B}.Debug|Any CPU.Build.0 = Debug|Any CPU
		{389F189F-838E-41E9-8D77-220DD7B9B76B}.Release|Any CPU.ActiveCfg = Release|Any CPU
		{389F189F-838E-41E9-8D77-220DD7B9B76B}.Release|Any CPU.Build.0 = Release|Any CPU
		{343C7AA5-0519-4976-99F5-C1AA9542B1B0}.Debug|Any CPU.ActiveCfg = Debug|Any CPU
		{343C7AA5-0519-4976-99F5-C1AA9542B1B0}.Debug|Any CPU.Build.0 = Debug|Any CPU
		{343C7AA5-0519-4976-99F5-C1AA9542B1B0}.Release|Any CPU.ActiveCfg = Release|Any CPU
		{343C7AA5-0519-4976-99F5-C1AA9542B1B0}.Release|Any CPU.Build.0 = Release|Any CPU
		{3419EE69-F558-4702-8347-A87902969144}.Debug|Any CPU.ActiveCfg = Debug|Any CPU
		{3419EE69-F558-4702-8347-A87902969144}.Debug|Any CPU.Build.0 = Debug|Any CPU
		{3419EE69-F558-4702-8347-A87902969144}.Release|Any CPU.ActiveCfg = Release|Any CPU
		{3419EE69-F558-4702-8347-A87902969144}.Release|Any CPU.Build.0 = Release|Any CPU
		{4C4D8E5C-E962-4906-B534-232B2BAC86A4}.Debug|Any CPU.ActiveCfg = Debug|Any CPU
		{4C4D8E5C-E962-4906-B534-232B2BAC86A4}.Debug|Any CPU.Build.0 = Debug|Any CPU
		{4C4D8E5C-E962-4906-B534-232B2BAC86A4}.Release|Any CPU.ActiveCfg = Release|Any CPU
		{4C4D8E5C-E962-4906-B534-232B2BAC86A4}.Release|Any CPU.Build.0 = Release|Any CPU
	EndGlobalSection
	GlobalSection(SolutionProperties) = preSolution
		HideSolutionNode = FALSE
	EndGlobalSection
	GlobalSection(ExtensibilityGlobals) = postSolution
		SolutionGuid = {141CB4DB-469B-4EBD-92F1-2BCC9E34082D}
	EndGlobalSection
EndGlobal
