
Microsoft Visual Studio Solution File, Format Version 12.00
# Visual Studio 15
VisualStudioVersion = 15.0.27004.2002
MinimumVisualStudioVersion = 10.0.40219.1
Project("{9A19103F-16F7-4668-BE54-9A1E7A4F7556}") = "01. Train", "01. Train\01. Train.csproj", "{FFD92AD4-61EC-4DE2-BE2B-B84074A17423}"
EndProject
Project("{9A19103F-16F7-4668-BE54-9A1E7A4F7556}") = "02. Change List", "02. Change List\02. Change List.csproj", "{A6818555-10B0-4CEE-A85C-5543661185B8}"
EndProject
Project("{9A19103F-16F7-4668-BE54-9A1E7A4F7556}") = "03. House Party", "03. House Party\03. House Party.csproj", "{C1B1EF9E-6676-49BC-B6B3-0E8C7AD59255}"
EndProject
Project("{9A19103F-16F7-4668-BE54-9A1E7A4F7556}") = "04. List Operations", "04. List Operations\04. List Operations.csproj", "{ABBBBBC2-C26A-4772-AFC6-A2CE02A18AA2}"
EndProject
Project("{9A19103F-16F7-4668-BE54-9A1E7A4F7556}") = "05. Bomb Numbers", "05. Bomb Numbers\05. Bomb Numbers.csproj", "{CEBAE132-2ECF-4A99-9085-5F4B742D8FD7}"
EndProject
Project("{9A19103F-16F7-4668-BE54-9A1E7A4F7556}") = "06. Cards Game", "06. Cards Game\06. Cards Game.csproj", "{8276D7B3-75DF-4665-858E-83F50AEECF80}"
EndProject
Project("{9A19103F-16F7-4668-BE54-9A1E7A4F7556}") = "07. Append Arrays", "07. Append Arrays\07. Append Arrays.csproj", "{8242E895-FA07-4684-B4B4-AF1C4171809E}"
EndProject
Project("{9A19103F-16F7-4668-BE54-9A1E7A4F7556}") = "08. Anonymous Threat", "08. Anonymous Threat\08. Anonymous Threat.csproj", "{04188A3A-616A-4B64-B589-3A66817E2DA6}"
EndProject
Project("{9A19103F-16F7-4668-BE54-9A1E7A4F7556}") = "09. Pokemon Don't Go", "09. Pokemon Don't Go\09. Pokemon Don't Go.csproj", "{64961B09-1222-485E-A394-B574CA831640}"
EndProject
Project("{9A19103F-16F7-4668-BE54-9A1E7A4F7556}") = "10. SoftUni Course Planning", "10. SoftUni Course Planning\10. SoftUni Course Planning.csproj", "{167B4509-7155-40D7-A3BC-78474191FEBF}"
EndProject
Global
	GlobalSection(SolutionConfigurationPlatforms) = preSolution
		Debug|Any CPU = Debug|Any CPU
		Release|Any CPU = Release|Any CPU
	EndGlobalSection
	GlobalSection(ProjectConfigurationPlatforms) = postSolution
		{FFD92AD4-61EC-4DE2-BE2B-B84074A17423}.Debug|Any CPU.ActiveCfg = Debug|Any CPU
		{FFD92AD4-61EC-4DE2-BE2B-B84074A17423}.Debug|Any CPU.Build.0 = Debug|Any CPU
		{FFD92AD4-61EC-4DE2-BE2B-B84074A17423}.Release|Any CPU.ActiveCfg = Release|Any CPU
		{FFD92AD4-61EC-4DE2-BE2B-B84074A17423}.Release|Any CPU.Build.0 = Release|Any CPU
		{A6818555-10B0-4CEE-A85C-5543661185B8}.Debug|Any CPU.ActiveCfg = Debug|Any CPU
		{A6818555-10B0-4CEE-A85C-5543661185B8}.Debug|Any CPU.Build.0 = Debug|Any CPU
		{A6818555-10B0-4CEE-A85C-5543661185B8}.Release|Any CPU.ActiveCfg = Release|Any CPU
		{A6818555-10B0-4CEE-A85C-5543661185B8}.Release|Any CPU.Build.0 = Release|Any CPU
		{C1B1EF9E-6676-49BC-B6B3-0E8C7AD59255}.Debug|Any CPU.ActiveCfg = Debug|Any CPU
		{C1B1EF9E-6676-49BC-B6B3-0E8C7AD59255}.Debug|Any CPU.Build.0 = Debug|Any CPU
		{C1B1EF9E-6676-49BC-B6B3-0E8C7AD59255}.Release|Any CPU.ActiveCfg = Release|Any CPU
		{C1B1EF9E-6676-49BC-B6B3-0E8C7AD59255}.Release|Any CPU.Build.0 = Release|Any CPU
		{ABBBBBC2-C26A-4772-AFC6-A2CE02A18AA2}.Debug|Any CPU.ActiveCfg = Debug|Any CPU
		{ABBBBBC2-C26A-4772-AFC6-A2CE02A18AA2}.Debug|Any CPU.Build.0 = Debug|Any CPU
		{ABBBBBC2-C26A-4772-AFC6-A2CE02A18AA2}.Release|Any CPU.ActiveCfg = Release|Any CPU
		{ABBBBBC2-C26A-4772-AFC6-A2CE02A18AA2}.Release|Any CPU.Build.0 = Release|Any CPU
		{CEBAE132-2ECF-4A99-9085-5F4B742D8FD7}.Debug|Any CPU.ActiveCfg = Debug|Any CPU
		{CEBAE132-2ECF-4A99-9085-5F4B742D8FD7}.Debug|Any CPU.Build.0 = Debug|Any CPU
		{CEBAE132-2ECF-4A99-9085-5F4B742D8FD7}.Release|Any CPU.ActiveCfg = Release|Any CPU
		{CEBAE132-2ECF-4A99-9085-5F4B742D8FD7}.Release|Any CPU.Build.0 = Release|Any CPU
		{8276D7B3-75DF-4665-858E-83F50AEECF80}.Debug|Any CPU.ActiveCfg = Debug|Any CPU
		{8276D7B3-75DF-4665-858E-83F50AEECF80}.Debug|Any CPU.Build.0 = Debug|Any CPU
		{8276D7B3-75DF-4665-858E-83F50AEECF80}.Release|Any CPU.ActiveCfg = Release|Any CPU
		{8276D7B3-75DF-4665-858E-83F50AEECF80}.Release|Any CPU.Build.0 = Release|Any CPU
		{8242E895-FA07-4684-B4B4-AF1C4171809E}.Debug|Any CPU.ActiveCfg = Debug|Any CPU
		{8242E895-FA07-4684-B4B4-AF1C4171809E}.Debug|Any CPU.Build.0 = Debug|Any CPU
		{8242E895-FA07-4684-B4B4-AF1C4171809E}.Release|Any CPU.ActiveCfg = Release|Any CPU
		{8242E895-FA07-4684-B4B4-AF1C4171809E}.Release|Any CPU.Build.0 = Release|Any CPU
		{04188A3A-616A-4B64-B589-3A66817E2DA6}.Debug|Any CPU.ActiveCfg = Debug|Any CPU
		{04188A3A-616A-4B64-B589-3A66817E2DA6}.Debug|Any CPU.Build.0 = Debug|Any CPU
		{04188A3A-616A-4B64-B589-3A66817E2DA6}.Release|Any CPU.ActiveCfg = Release|Any CPU
		{04188A3A-616A-4B64-B589-3A66817E2DA6}.Release|Any CPU.Build.0 = Release|Any CPU
		{64961B09-1222-485E-A394-B574CA831640}.Debug|Any CPU.ActiveCfg = Debug|Any CPU
		{64961B09-1222-485E-A394-B574CA831640}.Debug|Any CPU.Build.0 = Debug|Any CPU
		{64961B09-1222-485E-A394-B574CA831640}.Release|Any CPU.ActiveCfg = Release|Any CPU
		{64961B09-1222-485E-A394-B574CA831640}.Release|Any CPU.Build.0 = Release|Any CPU
		{167B4509-7155-40D7-A3BC-78474191FEBF}.Debug|Any CPU.ActiveCfg = Debug|Any CPU
		{167B4509-7155-40D7-A3BC-78474191FEBF}.Debug|Any CPU.Build.0 = Debug|Any CPU
		{167B4509-7155-40D7-A3BC-78474191FEBF}.Release|Any CPU.ActiveCfg = Release|Any CPU
		{167B4509-7155-40D7-A3BC-78474191FEBF}.Release|Any CPU.Build.0 = Release|Any CPU
	EndGlobalSection
	GlobalSection(SolutionProperties) = preSolution
		HideSolutionNode = FALSE
	EndGlobalSection
	GlobalSection(ExtensibilityGlobals) = postSolution
		SolutionGuid = {16C8DB19-3E02-4796-A263-BD234A39F860}
	EndGlobalSection
EndGlobal
